
Microsoft Visual Studio Solution File, Format Version 12.00
# Visual Studio Version 17
VisualStudioVersion = 17.9.34728.123
MinimumVisualStudioVersion = 10.0.40219.1
Project("{FAE04EC0-301F-11D3-BF4B-00C04F79EFBC}") = "Labb 3", "Labb 3\Labb 3.csproj", "{B046E32E-24FA-48A8-9344-885AEB487BC6}"
EndProject
Global
	GlobalSection(SolutionConfigurationPlatforms) = preSolution
		Debug|Any CPU = Debug|Any CPU
		Release|Any CPU = Release|Any CPU
	EndGlobalSection
	GlobalSection(ProjectConfigurationPlatforms) = postSolution
		{B046E32E-24FA-48A8-9344-885AEB487BC6}.Debug|Any CPU.ActiveCfg = Debug|Any CPU
		{B046E32E-24FA-48A8-9344-885AEB487BC6}.Debug|Any CPU.Build.0 = Debug|Any CPU
		{B046E32E-24FA-48A8-9344-885AEB487BC6}.Release|Any CPU.ActiveCfg = Release|Any CPU
		{B046E32E-24FA-48A8-9344-885AEB487BC6}.Release|Any CPU.Build.0 = Release|Any CPU
	EndGlobalSection
	GlobalSection(SolutionProperties) = preSolution
		HideSolutionNode = FALSE
	EndGlobalSection
	GlobalSection(ExtensibilityGlobals) = postSolution
		SolutionGuid = {46D3B300-9F59-425F-AF59-D42549683864}
	EndGlobalSection
EndGlobal
